// !$*UTF8*$!
{
	archiveVersion = 1;
	classes = {
	};
	objectVersion = 46;
	objects = {

/* Begin PBXAggregateTarget section */
		"TurtleGeometry::TurtleGeometryPackageTests::ProductTarget" /* TurtleGeometryPackageTests */ = {
			isa = PBXAggregateTarget;
			buildConfigurationList = OBJ_60 /* Build configuration list for PBXAggregateTarget "TurtleGeometryPackageTests" */;
			buildPhases = (
			);
			dependencies = (
				OBJ_63 /* PBXTargetDependency */,
			);
			name = TurtleGeometryPackageTests;
			productName = TurtleGeometryPackageTests;
		};
/* End PBXAggregateTarget section */

/* Begin PBXBuildFile section */
		OBJ_41 /* Canvas.swift in Sources */ = {isa = PBXBuildFile; fileRef = OBJ_9 /* Canvas.swift */; };
		OBJ_42 /* Color.swift in Sources */ = {isa = PBXBuildFile; fileRef = OBJ_10 /* Color.swift */; };
		OBJ_43 /* ColorPalette.swift in Sources */ = {isa = PBXBuildFile; fileRef = OBJ_11 /* ColorPalette.swift */; };
		OBJ_44 /* Angle.swift in Sources */ = {isa = PBXBuildFile; fileRef = OBJ_13 /* Angle.swift */; };
		OBJ_45 /* Pen.swift in Sources */ = {isa = PBXBuildFile; fileRef = OBJ_14 /* Pen.swift */; };
		OBJ_46 /* TurtleState.swift in Sources */ = {isa = PBXBuildFile; fileRef = OBJ_15 /* TurtleState.swift */; };
		OBJ_47 /* Turtle.swift in Sources */ = {isa = PBXBuildFile; fileRef = OBJ_16 /* Turtle.swift */; };
		OBJ_48 /* TurtleDelegate.swift in Sources */ = {isa = PBXBuildFile; fileRef = OBJ_17 /* TurtleDelegate.swift */; };
		OBJ_50 /* TurtleRunner.swift in Sources */ = {isa = PBXBuildFile; fileRef = OBJ_19 /* TurtleRunner.swift */; };
		OBJ_51 /* Vec2D.swift in Sources */ = {isa = PBXBuildFile; fileRef = OBJ_20 /* Vec2D.swift */; };
		OBJ_58 /* Package.swift in Sources */ = {isa = PBXBuildFile; fileRef = OBJ_6 /* Package.swift */; };
		OBJ_69 /* AngleTests.swift in Sources */ = {isa = PBXBuildFile; fileRef = OBJ_23 /* AngleTests.swift */; };
		OBJ_70 /* ColorPaletteTests.swift in Sources */ = {isa = PBXBuildFile; fileRef = OBJ_24 /* ColorPaletteTests.swift */; };
		OBJ_71 /* ColorTests.swift in Sources */ = {isa = PBXBuildFile; fileRef = OBJ_25 /* ColorTests.swift */; };
		OBJ_72 /* Vector2DTests.swift in Sources */ = {isa = PBXBuildFile; fileRef = OBJ_26 /* Vector2DTests.swift */; };
		OBJ_73 /* XCTestManifests.swift in Sources */ = {isa = PBXBuildFile; fileRef = OBJ_27 /* XCTestManifests.swift */; };
		OBJ_75 /* TurtleGeometry.framework in Frameworks */ = {isa = PBXBuildFile; fileRef = "TurtleGeometry::TurtleGeometry::Product" /* TurtleGeometry.framework */; };
/* End PBXBuildFile section */

/* Begin PBXContainerItemProxy section */
		B6D8628726DB95F800172980 /* PBXContainerItemProxy */ = {
			isa = PBXContainerItemProxy;
			containerPortal = OBJ_1 /* Project object */;
			proxyType = 1;
			remoteGlobalIDString = "TurtleGeometry::TurtleGeometry";
			remoteInfo = TurtleGeometry;
		};
		B6D8628A26DB98A000172980 /* PBXContainerItemProxy */ = {
			isa = PBXContainerItemProxy;
			containerPortal = OBJ_1 /* Project object */;
			proxyType = 1;
			remoteGlobalIDString = "TurtleGeometry::TurtleGeometryTests";
			remoteInfo = TurtleGeometryTests;
		};
/* End PBXContainerItemProxy section */

/* Begin PBXFileReference section */
		B6D8628C26DB992100172980 /* 3-Circles.playground */ = {isa = PBXFileReference; lastKnownFileType = file.playground; path = "3-Circles.playground"; sourceTree = "<group>"; xcLanguageSpecificationIdentifier = xcode.lang.swift; };
		B6D8628D26DB992100172980 /* 1-Introduction.playground */ = {isa = PBXFileReference; lastKnownFileType = file.playground; path = "1-Introduction.playground"; sourceTree = "<group>"; xcLanguageSpecificationIdentifier = xcode.lang.swift; };
		B6D8628E26DB992100172980 /* 2-Procedures.playground */ = {isa = PBXFileReference; lastKnownFileType = file.playground; path = "2-Procedures.playground"; sourceTree = "<group>"; xcLanguageSpecificationIdentifier = xcode.lang.swift; };
		B6D8628F26DB992100172980 /* 4-Polygons.playground */ = {isa = PBXFileReference; lastKnownFileType = file.playground; path = "4-Polygons.playground"; sourceTree = "<group>"; xcLanguageSpecificationIdentifier = xcode.lang.swift; };
		OBJ_10 /* Color.swift */ = {isa = PBXFileReference; lastKnownFileType = sourcecode.swift; path = Color.swift; sourceTree = "<group>"; };
		OBJ_11 /* ColorPalette.swift */ = {isa = PBXFileReference; lastKnownFileType = sourcecode.swift; path = ColorPalette.swift; sourceTree = "<group>"; };
		OBJ_13 /* Angle.swift */ = {isa = PBXFileReference; lastKnownFileType = sourcecode.swift; path = Angle.swift; sourceTree = "<group>"; };
		OBJ_14 /* Pen.swift */ = {isa = PBXFileReference; lastKnownFileType = sourcecode.swift; path = Pen.swift; sourceTree = "<group>"; };
		OBJ_15 /* TurtleState.swift */ = {isa = PBXFileReference; lastKnownFileType = sourcecode.swift; path = TurtleState.swift; sourceTree = "<group>"; };
		OBJ_16 /* Turtle.swift */ = {isa = PBXFileReference; lastKnownFileType = sourcecode.swift; path = Turtle.swift; sourceTree = "<group>"; };
		OBJ_17 /* TurtleDelegate.swift */ = {isa = PBXFileReference; lastKnownFileType = sourcecode.swift; path = TurtleDelegate.swift; sourceTree = "<group>"; };
		OBJ_19 /* TurtleRunner.swift */ = {isa = PBXFileReference; lastKnownFileType = sourcecode.swift; path = TurtleRunner.swift; sourceTree = "<group>"; };
		OBJ_20 /* Vec2D.swift */ = {isa = PBXFileReference; lastKnownFileType = sourcecode.swift; path = Vec2D.swift; sourceTree = "<group>"; };
		OBJ_23 /* AngleTests.swift */ = {isa = PBXFileReference; lastKnownFileType = sourcecode.swift; path = AngleTests.swift; sourceTree = "<group>"; };
		OBJ_24 /* ColorPaletteTests.swift */ = {isa = PBXFileReference; lastKnownFileType = sourcecode.swift; path = ColorPaletteTests.swift; sourceTree = "<group>"; };
		OBJ_25 /* ColorTests.swift */ = {isa = PBXFileReference; lastKnownFileType = sourcecode.swift; path = ColorTests.swift; sourceTree = "<group>"; };
		OBJ_26 /* Vector2DTests.swift */ = {isa = PBXFileReference; lastKnownFileType = sourcecode.swift; path = Vector2DTests.swift; sourceTree = "<group>"; };
		OBJ_27 /* XCTestManifests.swift */ = {isa = PBXFileReference; lastKnownFileType = sourcecode.swift; path = XCTestManifests.swift; sourceTree = "<group>"; };
		OBJ_33 /* TurtleGeometry.xcworkspace */ = {isa = PBXFileReference; lastKnownFileType = wrapper.workspace; path = TurtleGeometry.xcworkspace; sourceTree = SOURCE_ROOT; };
		OBJ_34 /* LICENSE */ = {isa = PBXFileReference; lastKnownFileType = text; path = LICENSE; sourceTree = "<group>"; };
		OBJ_35 /* README.md */ = {isa = PBXFileReference; lastKnownFileType = net.daringfireball.markdown; path = README.md; sourceTree = "<group>"; };
		OBJ_6 /* Package.swift */ = {isa = PBXFileReference; explicitFileType = sourcecode.swift; path = Package.swift; sourceTree = "<group>"; };
		OBJ_9 /* Canvas.swift */ = {isa = PBXFileReference; lastKnownFileType = sourcecode.swift; path = Canvas.swift; sourceTree = "<group>"; };
		"TurtleGeometry::TurtleGeometry::Product" /* TurtleGeometry.framework */ = {isa = PBXFileReference; lastKnownFileType = wrapper.framework; path = TurtleGeometry.framework; sourceTree = BUILT_PRODUCTS_DIR; };
		"TurtleGeometry::TurtleGeometryTests::Product" /* TurtleGeometryTests.xctest */ = {isa = PBXFileReference; lastKnownFileType = file; path = TurtleGeometryTests.xctest; sourceTree = BUILT_PRODUCTS_DIR; };
/* End PBXFileReference section */

/* Begin PBXFrameworksBuildPhase section */
		OBJ_52 /* Frameworks */ = {
			isa = PBXFrameworksBuildPhase;
			buildActionMask = 0;
			files = (
			);
			runOnlyForDeploymentPostprocessing = 0;
		};
		OBJ_74 /* Frameworks */ = {
			isa = PBXFrameworksBuildPhase;
			buildActionMask = 0;
			files = (
				OBJ_75 /* TurtleGeometry.framework in Frameworks */,
			);
			runOnlyForDeploymentPostprocessing = 0;
		};
/* End PBXFrameworksBuildPhase section */

/* Begin PBXGroup section */
		B6D8628B26DB992100172980 /* Playgrounds */ = {
			isa = PBXGroup;
			children = (
				B6D8628C26DB992100172980 /* 3-Circles.playground */,
				B6D8628D26DB992100172980 /* 1-Introduction.playground */,
				B6D8628E26DB992100172980 /* 2-Procedures.playground */,
				B6D8628F26DB992100172980 /* 4-Polygons.playground */,
			);
			path = Playgrounds;
			sourceTree = "<group>";
		};
		OBJ_12 /* Internal */ = {
			isa = PBXGroup;
			children = (
				OBJ_13 /* Angle.swift */,
				OBJ_14 /* Pen.swift */,
				OBJ_15 /* TurtleState.swift */,
			);
			path = Internal;
			sourceTree = "<group>";
		};
		OBJ_21 /* Tests */ = {
			isa = PBXGroup;
			children = (
				OBJ_22 /* TurtleGeometryTests */,
			);
			name = Tests;
			sourceTree = SOURCE_ROOT;
		};
		OBJ_22 /* TurtleGeometryTests */ = {
			isa = PBXGroup;
			children = (
				OBJ_23 /* AngleTests.swift */,
				OBJ_24 /* ColorPaletteTests.swift */,
				OBJ_25 /* ColorTests.swift */,
				OBJ_26 /* Vector2DTests.swift */,
				OBJ_27 /* XCTestManifests.swift */,
			);
			name = TurtleGeometryTests;
			path = Tests/TurtleGeometryTests;
			sourceTree = SOURCE_ROOT;
		};
		OBJ_28 /* Products */ = {
			isa = PBXGroup;
			children = (
				"TurtleGeometry::TurtleGeometry::Product" /* TurtleGeometry.framework */,
				"TurtleGeometry::TurtleGeometryTests::Product" /* TurtleGeometryTests.xctest */,
			);
			name = Products;
			sourceTree = BUILT_PRODUCTS_DIR;
		};
		OBJ_5 /*  */ = {
			isa = PBXGroup;
			children = (
				B6D8628B26DB992100172980 /* Playgrounds */,
				OBJ_6 /* Package.swift */,
				OBJ_7 /* Sources */,
				OBJ_21 /* Tests */,
				OBJ_28 /* Products */,
				OBJ_33 /* TurtleGeometry.xcworkspace */,
				OBJ_34 /* LICENSE */,
				OBJ_35 /* README.md */,
			);
			name = "";
			sourceTree = "<group>";
		};
		OBJ_7 /* Sources */ = {
			isa = PBXGroup;
			children = (
				OBJ_8 /* TurtleGeometry */,
			);
			name = Sources;
			sourceTree = SOURCE_ROOT;
		};
		OBJ_8 /* TurtleGeometry */ = {
			isa = PBXGroup;
			children = (
				OBJ_9 /* Canvas.swift */,
				OBJ_10 /* Color.swift */,
				OBJ_11 /* ColorPalette.swift */,
				OBJ_12 /* Internal */,
				OBJ_16 /* Turtle.swift */,
				OBJ_17 /* TurtleDelegate.swift */,
				OBJ_19 /* TurtleRunner.swift */,
				OBJ_20 /* Vec2D.swift */,
			);
			name = TurtleGeometry;
			path = Sources/TurtleGeometry;
			sourceTree = SOURCE_ROOT;
		};
/* End PBXGroup section */

/* Begin PBXNativeTarget section */
		"TurtleGeometry::SwiftPMPackageDescription" /* TurtleGeometryPackageDescription */ = {
			isa = PBXNativeTarget;
			buildConfigurationList = OBJ_54 /* Build configuration list for PBXNativeTarget "TurtleGeometryPackageDescription" */;
			buildPhases = (
				OBJ_57 /* Sources */,
			);
			buildRules = (
			);
			dependencies = (
			);
			name = TurtleGeometryPackageDescription;
			productName = TurtleGeometryPackageDescription;
			productType = "com.apple.product-type.framework";
		};
		"TurtleGeometry::TurtleGeometry" /* TurtleGeometry */ = {
			isa = PBXNativeTarget;
			buildConfigurationList = OBJ_37 /* Build configuration list for PBXNativeTarget "TurtleGeometry" */;
			buildPhases = (
				OBJ_40 /* Sources */,
				OBJ_52 /* Frameworks */,
			);
			buildRules = (
			);
			dependencies = (
			);
			name = TurtleGeometry;
			productName = TurtleGeometry;
			productReference = "TurtleGeometry::TurtleGeometry::Product" /* TurtleGeometry.framework */;
			productType = "com.apple.product-type.framework";
		};
		"TurtleGeometry::TurtleGeometryTests" /* TurtleGeometryTests */ = {
			isa = PBXNativeTarget;
			buildConfigurationList = OBJ_65 /* Build configuration list for PBXNativeTarget "TurtleGeometryTests" */;
			buildPhases = (
				OBJ_68 /* Sources */,
				OBJ_74 /* Frameworks */,
			);
			buildRules = (
			);
			dependencies = (
				OBJ_76 /* PBXTargetDependency */,
			);
			name = TurtleGeometryTests;
			productName = TurtleGeometryTests;
			productReference = "TurtleGeometry::TurtleGeometryTests::Product" /* TurtleGeometryTests.xctest */;
			productType = "com.apple.product-type.bundle.unit-test";
		};
/* End PBXNativeTarget section */

/* Begin PBXProject section */
		OBJ_1 /* Project object */ = {
			isa = PBXProject;
			attributes = {
				LastSwiftMigration = 9999;
				LastUpgradeCheck = 9999;
			};
			buildConfigurationList = OBJ_2 /* Build configuration list for PBXProject "TurtleGeometry" */;
			compatibilityVersion = "Xcode 3.2";
			developmentRegion = en;
			hasScannedForEncodings = 0;
			knownRegions = (
				en,
			);
			mainGroup = OBJ_5 /*  */;
			productRefGroup = OBJ_28 /* Products */;
			projectDirPath = "";
			projectRoot = "";
			targets = (
				"TurtleGeometry::TurtleGeometry" /* TurtleGeometry */,
				"TurtleGeometry::SwiftPMPackageDescription" /* TurtleGeometryPackageDescription */,
				"TurtleGeometry::TurtleGeometryPackageTests::ProductTarget" /* TurtleGeometryPackageTests */,
				"TurtleGeometry::TurtleGeometryTests" /* TurtleGeometryTests */,
			);
		};
/* End PBXProject section */

/* Begin PBXSourcesBuildPhase section */
		OBJ_40 /* Sources */ = {
			isa = PBXSourcesBuildPhase;
			buildActionMask = 0;
			files = (
				OBJ_41 /* Canvas.swift in Sources */,
				OBJ_42 /* Color.swift in Sources */,
				OBJ_43 /* ColorPalette.swift in Sources */,
				OBJ_44 /* Angle.swift in Sources */,
				OBJ_45 /* Pen.swift in Sources */,
				OBJ_46 /* TurtleState.swift in Sources */,
				OBJ_47 /* Turtle.swift in Sources */,
				OBJ_48 /* TurtleDelegate.swift in Sources */,
				OBJ_50 /* TurtleRunner.swift in Sources */,
				OBJ_51 /* Vec2D.swift in Sources */,
			);
			runOnlyForDeploymentPostprocessing = 0;
		};
		OBJ_57 /* Sources */ = {
			isa = PBXSourcesBuildPhase;
			buildActionMask = 0;
			files = (
				OBJ_58 /* Package.swift in Sources */,
			);
			runOnlyForDeploymentPostprocessing = 0;
		};
		OBJ_68 /* Sources */ = {
			isa = PBXSourcesBuildPhase;
			buildActionMask = 0;
			files = (
				OBJ_69 /* AngleTests.swift in Sources */,
				OBJ_70 /* ColorPaletteTests.swift in Sources */,
				OBJ_71 /* ColorTests.swift in Sources */,
				OBJ_72 /* Vector2DTests.swift in Sources */,
				OBJ_73 /* XCTestManifests.swift in Sources */,
			);
			runOnlyForDeploymentPostprocessing = 0;
		};
/* End PBXSourcesBuildPhase section */

/* Begin PBXTargetDependency section */
		OBJ_63 /* PBXTargetDependency */ = {
			isa = PBXTargetDependency;
			target = "TurtleGeometry::TurtleGeometryTests" /* TurtleGeometryTests */;
			targetProxy = B6D8628A26DB98A000172980 /* PBXContainerItemProxy */;
		};
		OBJ_76 /* PBXTargetDependency */ = {
			isa = PBXTargetDependency;
			target = "TurtleGeometry::TurtleGeometry" /* TurtleGeometry */;
			targetProxy = B6D8628726DB95F800172980 /* PBXContainerItemProxy */;
		};
/* End PBXTargetDependency section */

/* Begin XCBuildConfiguration section */
		OBJ_3 /* Debug */ = {
			isa = XCBuildConfiguration;
			buildSettings = {
				CLANG_ENABLE_OBJC_ARC = YES;
				COMBINE_HIDPI_IMAGES = YES;
				COPY_PHASE_STRIP = NO;
				DEBUG_INFORMATION_FORMAT = dwarf;
				DYLIB_INSTALL_NAME_BASE = "@rpath";
				ENABLE_NS_ASSERTIONS = YES;
				GCC_OPTIMIZATION_LEVEL = 0;
				GCC_PREPROCESSOR_DEFINITIONS = (
					"$(inherited)",
					"SWIFT_PACKAGE=1",
					"DEBUG=1",
				);
				MACOSX_DEPLOYMENT_TARGET = 10.10;
				ONLY_ACTIVE_ARCH = YES;
				OTHER_SWIFT_FLAGS = "$(inherited) -DXcode";
				PRODUCT_NAME = "$(TARGET_NAME)";
				SDKROOT = macosx;
				SUPPORTED_PLATFORMS = "$(AVAILABLE_PLATFORMS)";
				SUPPORTS_MACCATALYST = YES;
				SWIFT_ACTIVE_COMPILATION_CONDITIONS = "$(inherited) SWIFT_PACKAGE DEBUG";
				SWIFT_OPTIMIZATION_LEVEL = "-Onone";
				USE_HEADERMAP = NO;
			};
			name = Debug;
		};
		OBJ_38 /* Debug */ = {
			isa = XCBuildConfiguration;
			buildSettings = {
				CURRENT_PROJECT_VERSION = 1;
				ENABLE_TESTABILITY = YES;
				FRAMEWORK_SEARCH_PATHS = (
					"$(inherited)",
					"$(PLATFORM_DIR)/Developer/Library/Frameworks",
				);
				HEADER_SEARCH_PATHS = "$(inherited)";
				INFOPLIST_FILE = TurtleGeometry.xcodeproj/TurtleGeometry_Info.plist;
				IPHONEOS_DEPLOYMENT_TARGET = 11.0;
				LD_RUNPATH_SEARCH_PATHS = "$(inherited) $(TOOLCHAIN_DIR)/usr/lib/swift/macosx";
				MACOSX_DEPLOYMENT_TARGET = 10.15;
				OTHER_CFLAGS = "$(inherited)";
				OTHER_LDFLAGS = "$(inherited)";
				OTHER_SWIFT_FLAGS = "$(inherited)";
				PRODUCT_BUNDLE_IDENTIFIER = TurtleGeometry;
				PRODUCT_MODULE_NAME = "$(TARGET_NAME:c99extidentifier)";
				PRODUCT_NAME = "$(TARGET_NAME:c99extidentifier)";
				SKIP_INSTALL = YES;
				SWIFT_ACTIVE_COMPILATION_CONDITIONS = "$(inherited)";
				SWIFT_VERSION = 5.0;
				TARGET_NAME = TurtleGeometry;
				TVOS_DEPLOYMENT_TARGET = 11.0;
				WATCHOS_DEPLOYMENT_TARGET = 5.0;
			};
			name = Debug;
		};
		OBJ_39 /* Release */ = {
			isa = XCBuildConfiguration;
			buildSettings = {
				CURRENT_PROJECT_VERSION = 1;
				ENABLE_TESTABILITY = YES;
				FRAMEWORK_SEARCH_PATHS = (
					"$(inherited)",
					"$(PLATFORM_DIR)/Developer/Library/Frameworks",
				);
				HEADER_SEARCH_PATHS = "$(inherited)";
				INFOPLIST_FILE = TurtleGeometry.xcodeproj/TurtleGeometry_Info.plist;
				IPHONEOS_DEPLOYMENT_TARGET = 11.0;
				LD_RUNPATH_SEARCH_PATHS = "$(inherited) $(TOOLCHAIN_DIR)/usr/lib/swift/macosx";
				MACOSX_DEPLOYMENT_TARGET = 10.15;
				OTHER_CFLAGS = "$(inherited)";
				OTHER_LDFLAGS = "$(inherited)";
				OTHER_SWIFT_FLAGS = "$(inherited)";
				PRODUCT_BUNDLE_IDENTIFIER = TurtleGeometry;
				PRODUCT_MODULE_NAME = "$(TARGET_NAME:c99extidentifier)";
				PRODUCT_NAME = "$(TARGET_NAME:c99extidentifier)";
				SKIP_INSTALL = YES;
				SWIFT_ACTIVE_COMPILATION_CONDITIONS = "$(inherited)";
				SWIFT_VERSION = 5.0;
				TARGET_NAME = TurtleGeometry;
				TVOS_DEPLOYMENT_TARGET = 11.0;
				WATCHOS_DEPLOYMENT_TARGET = 5.0;
			};
			name = Release;
		};
		OBJ_4 /* Release */ = {
			isa = XCBuildConfiguration;
			buildSettings = {
				CLANG_ENABLE_OBJC_ARC = YES;
				COMBINE_HIDPI_IMAGES = YES;
				COPY_PHASE_STRIP = YES;
				DEBUG_INFORMATION_FORMAT = "dwarf-with-dsym";
				DYLIB_INSTALL_NAME_BASE = "@rpath";
				GCC_OPTIMIZATION_LEVEL = s;
				GCC_PREPROCESSOR_DEFINITIONS = (
					"$(inherited)",
					"SWIFT_PACKAGE=1",
				);
				MACOSX_DEPLOYMENT_TARGET = 10.10;
				OTHER_SWIFT_FLAGS = "$(inherited) -DXcode";
				PRODUCT_NAME = "$(TARGET_NAME)";
				SDKROOT = macosx;
				SUPPORTED_PLATFORMS = "$(AVAILABLE_PLATFORMS)";
				SUPPORTS_MACCATALYST = YES;
				SWIFT_ACTIVE_COMPILATION_CONDITIONS = "$(inherited) SWIFT_PACKAGE";
				SWIFT_OPTIMIZATION_LEVEL = "-Owholemodule";
				USE_HEADERMAP = NO;
			};
			name = Release;
		};
		OBJ_55 /* Debug */ = {
			isa = XCBuildConfiguration;
			buildSettings = {
				LD = /usr/bin/true;
				OTHER_SWIFT_FLAGS = "-swift-version 5 -I $(TOOLCHAIN_DIR)/usr/lib/swift/pm/4_2 -sdk /Applications/Xcode-12-5-1.app/Contents/Developer/Platforms/MacOSX.platform/Developer/SDKs/MacOSX11.3.sdk -package-description-version 5.2.0";
				SWIFT_VERSION = 5.0;
			};
			name = Debug;
		};
		OBJ_56 /* Release */ = {
			isa = XCBuildConfiguration;
			buildSettings = {
				LD = /usr/bin/true;
				OTHER_SWIFT_FLAGS = "-swift-version 5 -I $(TOOLCHAIN_DIR)/usr/lib/swift/pm/4_2 -sdk /Applications/Xcode-12-5-1.app/Contents/Developer/Platforms/MacOSX.platform/Developer/SDKs/MacOSX11.3.sdk -package-description-version 5.2.0";
				SWIFT_VERSION = 5.0;
			};
			name = Release;
		};
		OBJ_61 /* Debug */ = {
			isa = XCBuildConfiguration;
			buildSettings = {
			};
			name = Debug;
		};
		OBJ_62 /* Release */ = {
			isa = XCBuildConfiguration;
			buildSettings = {
			};
			name = Release;
		};
		OBJ_66 /* Debug */ = {
			isa = XCBuildConfiguration;
			buildSettings = {
				CLANG_ENABLE_MODULES = YES;
				CURRENT_PROJECT_VERSION = 1;
				EMBEDDED_CONTENT_CONTAINS_SWIFT = YES;
				FRAMEWORK_SEARCH_PATHS = (
					"$(inherited)",
					"$(PLATFORM_DIR)/Developer/Library/Frameworks",
				);
				HEADER_SEARCH_PATHS = "$(inherited)";
				INFOPLIST_FILE = TurtleGeometry.xcodeproj/TurtleGeometryTests_Info.plist;
				IPHONEOS_DEPLOYMENT_TARGET = 14.0;
				LD_RUNPATH_SEARCH_PATHS = "$(inherited) @loader_path/../Frameworks @loader_path/Frameworks";
				MACOSX_DEPLOYMENT_TARGET = 10.15;
				OTHER_CFLAGS = "$(inherited)";
				OTHER_LDFLAGS = "$(inherited)";
				OTHER_SWIFT_FLAGS = "$(inherited)";
				SWIFT_ACTIVE_COMPILATION_CONDITIONS = "$(inherited)";
				SWIFT_VERSION = 5.0;
				TARGET_NAME = TurtleGeometryTests;
				TVOS_DEPLOYMENT_TARGET = 11.0;
				WATCHOS_DEPLOYMENT_TARGET = 7.0;
			};
			name = Debug;
		};
		OBJ_67 /* Release */ = {
			isa = XCBuildConfiguration;
			buildSettings = {
				CLANG_ENABLE_MODULES = YES;
				CURRENT_PROJECT_VERSION = 1;
				EMBEDDED_CONTENT_CONTAINS_SWIFT = YES;
				FRAMEWORK_SEARCH_PATHS = (
					"$(inherited)",
					"$(PLATFORM_DIR)/Developer/Library/Frameworks",
				);
				HEADER_SEARCH_PATHS = "$(inherited)";
				INFOPLIST_FILE = TurtleGeometry.xcodeproj/TurtleGeometryTests_Info.plist;
				IPHONEOS_DEPLOYMENT_TARGET = 14.0;
				LD_RUNPATH_SEARCH_PATHS = "$(inherited) @loader_path/../Frameworks @loader_path/Frameworks";
				MACOSX_DEPLOYMENT_TARGET = 10.15;
				OTHER_CFLAGS = "$(inherited)";
				OTHER_LDFLAGS = "$(inherited)";
				OTHER_SWIFT_FLAGS = "$(inherited)";
				SWIFT_ACTIVE_COMPILATION_CONDITIONS = "$(inherited)";
				SWIFT_VERSION = 5.0;
				TARGET_NAME = TurtleGeometryTests;
				TVOS_DEPLOYMENT_TARGET = 11.0;
				WATCHOS_DEPLOYMENT_TARGET = 7.0;
			};
			name = Release;
		};
/* End XCBuildConfiguration section */

/* Begin XCConfigurationList section */
		OBJ_2 /* Build configuration list for PBXProject "TurtleGeometry" */ = {
			isa = XCConfigurationList;
			buildConfigurations = (
				OBJ_3 /* Debug */,
				OBJ_4 /* Release */,
			);
			defaultConfigurationIsVisible = 0;
			defaultConfigurationName = Release;
		};
		OBJ_37 /* Build configuration list for PBXNativeTarget "TurtleGeometry" */ = {
			isa = XCConfigurationList;
			buildConfigurations = (
				OBJ_38 /* Debug */,
				OBJ_39 /* Release */,
			);
			defaultConfigurationIsVisible = 0;
			defaultConfigurationName = Release;
		};
		OBJ_54 /* Build configuration list for PBXNativeTarget "TurtleGeometryPackageDescription" */ = {
			isa = XCConfigurationList;
			buildConfigurations = (
				OBJ_55 /* Debug */,
				OBJ_56 /* Release */,
			);
			defaultConfigurationIsVisible = 0;
			defaultConfigurationName = Release;
		};
		OBJ_60 /* Build configuration list for PBXAggregateTarget "TurtleGeometryPackageTests" */ = {
			isa = XCConfigurationList;
			buildConfigurations = (
				OBJ_61 /* Debug */,
				OBJ_62 /* Release */,
			);
			defaultConfigurationIsVisible = 0;
			defaultConfigurationName = Release;
		};
		OBJ_65 /* Build configuration list for PBXNativeTarget "TurtleGeometryTests" */ = {
			isa = XCConfigurationList;
			buildConfigurations = (
				OBJ_66 /* Debug */,
				OBJ_67 /* Release */,
			);
			defaultConfigurationIsVisible = 0;
			defaultConfigurationName = Release;
		};
/* End XCConfigurationList section */
	};
	rootObject = OBJ_1 /* Project object */;
}
